// !$*UTF8*$!
{
	archiveVersion = 1;
	classes = {
	};
	objectVersion = 56;
	objects = {

/* Begin PBXBuildFile section */
		BD0421732BFE8D22006FECD1 /* iterationtodoApp.swift in Sources */ = {isa = PBXBuildFile; fileRef = BD0421722BFE8D22006FECD1 /* iterationtodoApp.swift */; };
		BD0421752BFE8D22006FECD1 /* ContentView.swift in Sources */ = {isa = PBXBuildFile; fileRef = BD0421742BFE8D22006FECD1 /* ContentView.swift */; };
		BD0421772BFE8D25006FECD1 /* Assets.xcassets in Resources */ = {isa = PBXBuildFile; fileRef = BD0421762BFE8D25006FECD1 /* Assets.xcassets */; };
		BD04217A2BFE8D25006FECD1 /* Preview Assets.xcassets in Resources */ = {isa = PBXBuildFile; fileRef = BD0421792BFE8D25006FECD1 /* Preview Assets.xcassets */; };
		BD0421842BFE8D26006FECD1 /* iterationtodoTests.swift in Sources */ = {isa = PBXBuildFile; fileRef = BD0421832BFE8D26006FECD1 /* iterationtodoTests.swift */; };
		BD04218E2BFE8D26006FECD1 /* iterationtodoUITests.swift in Sources */ = {isa = PBXBuildFile; fileRef = BD04218D2BFE8D26006FECD1 /* iterationtodoUITests.swift */; };
		BD0421902BFE8D26006FECD1 /* iterationtodoUITestsLaunchTests.swift in Sources */ = {isa = PBXBuildFile; fileRef = BD04218F2BFE8D26006FECD1 /* iterationtodoUITestsLaunchTests.swift */; };
/* End PBXBuildFile section */

/* Begin PBXContainerItemProxy section */
		BD0421802BFE8D26006FECD1 /* PBXContainerItemProxy */ = {
			isa = PBXContainerItemProxy;
			containerPortal = BD0421672BFE8D22006FECD1 /* Project object */;
			proxyType = 1;
			remoteGlobalIDString = BD04216E2BFE8D22006FECD1;
			remoteInfo = iterationtodo;
		};
		BD04218A2BFE8D26006FECD1 /* PBXContainerItemProxy */ = {
			isa = PBXContainerItemProxy;
			containerPortal = BD0421672BFE8D22006FECD1 /* Project object */;
			proxyType = 1;
			remoteGlobalIDString = BD04216E2BFE8D22006FECD1;
			remoteInfo = iterationtodo;
		};
/* End PBXContainerItemProxy section */

/* Begin PBXFileReference section */
		BD04216F2BFE8D22006FECD1 /* iterationtodo.app */ = {isa = PBXFileReference; explicitFileType = wrapper.application; includeInIndex = 0; path = iterationtodo.app; sourceTree = BUILT_PRODUCTS_DIR; };
		BD0421722BFE8D22006FECD1 /* iterationtodoApp.swift */ = {isa = PBXFileReference; lastKnownFileType = sourcecode.swift; path = iterationtodoApp.swift; sourceTree = "<group>"; };
		BD0421742BFE8D22006FECD1 /* ContentView.swift */ = {isa = PBXFileReference; lastKnownFileType = sourcecode.swift; path = ContentView.swift; sourceTree = "<group>"; };
		BD0421762BFE8D25006FECD1 /* Assets.xcassets */ = {isa = PBXFileReference; lastKnownFileType = folder.assetcatalog; path = Assets.xcassets; sourceTree = "<group>"; };
		BD0421792BFE8D25006FECD1 /* Preview Assets.xcassets */ = {isa = PBXFileReference; lastKnownFileType = folder.assetcatalog; path = "Preview Assets.xcassets"; sourceTree = "<group>"; };
		BD04217F2BFE8D26006FECD1 /* iterationtodoTests.xctest */ = {isa = PBXFileReference; explicitFileType = wrapper.cfbundle; includeInIndex = 0; path = iterationtodoTests.xctest; sourceTree = BUILT_PRODUCTS_DIR; };
		BD0421832BFE8D26006FECD1 /* iterationtodoTests.swift */ = {isa = PBXFileReference; lastKnownFileType = sourcecode.swift; path = iterationtodoTests.swift; sourceTree = "<group>"; };
		BD0421892BFE8D26006FECD1 /* iterationtodoUITests.xctest */ = {isa = PBXFileReference; explicitFileType = wrapper.cfbundle; includeInIndex = 0; path = iterationtodoUITests.xctest; sourceTree = BUILT_PRODUCTS_DIR; };
		BD04218D2BFE8D26006FECD1 /* iterationtodoUITests.swift */ = {isa = PBXFileReference; lastKnownFileType = sourcecode.swift; path = iterationtodoUITests.swift; sourceTree = "<group>"; };
		BD04218F2BFE8D26006FECD1 /* iterationtodoUITestsLaunchTests.swift */ = {isa = PBXFileReference; lastKnownFileType = sourcecode.swift; path = iterationtodoUITestsLaunchTests.swift; sourceTree = "<group>"; };
/* End PBXFileReference section */

/* Begin PBXFrameworksBuildPhase section */
		BD04216C2BFE8D22006FECD1 /* Frameworks */ = {
			isa = PBXFrameworksBuildPhase;
			buildActionMask = 2147483647;
			files = (
			);
			runOnlyForDeploymentPostprocessing = 0;
		};
		BD04217C2BFE8D26006FECD1 /* Frameworks */ = {
			isa = PBXFrameworksBuildPhase;
			buildActionMask = 2147483647;
			files = (
			);
			runOnlyForDeploymentPostprocessing = 0;
		};
		BD0421862BFE8D26006FECD1 /* Frameworks */ = {
			isa = PBXFrameworksBuildPhase;
			buildActionMask = 2147483647;
			files = (
			);
			runOnlyForDeploymentPostprocessing = 0;
		};
/* End PBXFrameworksBuildPhase section */

/* Begin PBXGroup section */
		BD0421662BFE8D22006FECD1 = {
			isa = PBXGroup;
			children = (
				BD0421712BFE8D22006FECD1 /* iterationtodo */,
				BD0421822BFE8D26006FECD1 /* iterationtodoTests */,
				BD04218C2BFE8D26006FECD1 /* iterationtodoUITests */,
				BD0421702BFE8D22006FECD1 /* Products */,
			);
			sourceTree = "<group>";
		};
		BD0421702BFE8D22006FECD1 /* Products */ = {
			isa = PBXGroup;
			children = (
				BD04216F2BFE8D22006FECD1 /* iterationtodo.app */,
				BD04217F2BFE8D26006FECD1 /* iterationtodoTests.xctest */,
				BD0421892BFE8D26006FECD1 /* iterationtodoUITests.xctest */,
			);
			name = Products;
			sourceTree = "<group>";
		};
		BD0421712BFE8D22006FECD1 /* iterationtodo */ = {
			isa = PBXGroup;
			children = (
				BD0421722BFE8D22006FECD1 /* iterationtodoApp.swift */,
				BD0421742BFE8D22006FECD1 /* ContentView.swift */,
				BD0421762BFE8D25006FECD1 /* Assets.xcassets */,
				BD0421782BFE8D25006FECD1 /* Preview Content */,
			);
			path = iterationtodo;
			sourceTree = "<group>";
		};
		BD0421782BFE8D25006FECD1 /* Preview Content */ = {
			isa = PBXGroup;
			children = (
				BD0421792BFE8D25006FECD1 /* Preview Assets.xcassets */,
			);
			path = "Preview Content";
			sourceTree = "<group>";
		};
		BD0421822BFE8D26006FECD1 /* iterationtodoTests */ = {
			isa = PBXGroup;
			children = (
				BD0421832BFE8D26006FECD1 /* iterationtodoTests.swift */,
			);
			path = iterationtodoTests;
			sourceTree = "<group>";
		};
		BD04218C2BFE8D26006FECD1 /* iterationtodoUITests */ = {
			isa = PBXGroup;
			children = (
				BD04218D2BFE8D26006FECD1 /* iterationtodoUITests.swift */,
				BD04218F2BFE8D26006FECD1 /* iterationtodoUITestsLaunchTests.swift */,
			);
			path = iterationtodoUITests;
			sourceTree = "<group>";
		};
/* End PBXGroup section */

/* Begin PBXNativeTarget section */
		BD04216E2BFE8D22006FECD1 /* iterationtodo */ = {
			isa = PBXNativeTarget;
			buildConfigurationList = BD0421932BFE8D26006FECD1 /* Build configuration list for PBXNativeTarget "iterationtodo" */;
			buildPhases = (
				BD04216B2BFE8D22006FECD1 /* Sources */,
				BD04216C2BFE8D22006FECD1 /* Frameworks */,
				BD04216D2BFE8D22006FECD1 /* Resources */,
			);
			buildRules = (
			);
			dependencies = (
			);
			name = iterationtodo;
			productName = iterationtodo;
			productReference = BD04216F2BFE8D22006FECD1 /* iterationtodo.app */;
			productType = "com.apple.product-type.application";
		};
		BD04217E2BFE8D26006FECD1 /* iterationtodoTests */ = {
			isa = PBXNativeTarget;
			buildConfigurationList = BD0421962BFE8D26006FECD1 /* Build configuration list for PBXNativeTarget "iterationtodoTests" */;
			buildPhases = (
				BD04217B2BFE8D26006FECD1 /* Sources */,
				BD04217C2BFE8D26006FECD1 /* Frameworks */,
				BD04217D2BFE8D26006FECD1 /* Resources */,
			);
			buildRules = (
			);
			dependencies = (
				BD0421812BFE8D26006FECD1 /* PBXTargetDependency */,
			);
			name = iterationtodoTests;
			productName = iterationtodoTests;
			productReference = BD04217F2BFE8D26006FECD1 /* iterationtodoTests.xctest */;
			productType = "com.apple.product-type.bundle.unit-test";
		};
		BD0421882BFE8D26006FECD1 /* iterationtodoUITests */ = {
			isa = PBXNativeTarget;
			buildConfigurationList = BD0421992BFE8D26006FECD1 /* Build configuration list for PBXNativeTarget "iterationtodoUITests" */;
			buildPhases = (
				BD0421852BFE8D26006FECD1 /* Sources */,
				BD0421862BFE8D26006FECD1 /* Frameworks */,
				BD0421872BFE8D26006FECD1 /* Resources */,
			);
			buildRules = (
			);
			dependencies = (
				BD04218B2BFE8D26006FECD1 /* PBXTargetDependency */,
			);
			name = iterationtodoUITests;
			productName = iterationtodoUITests;
			productReference = BD0421892BFE8D26006FECD1 /* iterationtodoUITests.xctest */;
			productType = "com.apple.product-type.bundle.ui-testing";
		};
/* End PBXNativeTarget section */

/* Begin PBXProject section */
		BD0421672BFE8D22006FECD1 /* Project object */ = {
			isa = PBXProject;
			attributes = {
				BuildIndependentTargetsInParallel = 1;
				LastSwiftUpdateCheck = 1540;
				LastUpgradeCheck = 1540;
				TargetAttributes = {
					BD04216E2BFE8D22006FECD1 = {
						CreatedOnToolsVersion = 15.4;
					};
					BD04217E2BFE8D26006FECD1 = {
						CreatedOnToolsVersion = 15.4;
						TestTargetID = BD04216E2BFE8D22006FECD1;
					};
					BD0421882BFE8D26006FECD1 = {
						CreatedOnToolsVersion = 15.4;
						TestTargetID = BD04216E2BFE8D22006FECD1;
					};
				};
			};
			buildConfigurationList = BD04216A2BFE8D22006FECD1 /* Build configuration list for PBXProject "iterationtodo" */;
			compatibilityVersion = "Xcode 14.0";
			developmentRegion = en;
			hasScannedForEncodings = 0;
			knownRegions = (
				en,
				Base,
			);
			mainGroup = BD0421662BFE8D22006FECD1;
			productRefGroup = BD0421702BFE8D22006FECD1 /* Products */;
			projectDirPath = "";
			projectRoot = "";
			targets = (
				BD04216E2BFE8D22006FECD1 /* iterationtodo */,
				BD04217E2BFE8D26006FECD1 /* iterationtodoTests */,
				BD0421882BFE8D26006FECD1 /* iterationtodoUITests */,
			);
		};
/* End PBXProject section */

/* Begin PBXResourcesBuildPhase section */
		BD04216D2BFE8D22006FECD1 /* Resources */ = {
			isa = PBXResourcesBuildPhase;
			buildActionMask = 2147483647;
			files = (
				BD04217A2BFE8D25006FECD1 /* Preview Assets.xcassets in Resources */,
				BD0421772BFE8D25006FECD1 /* Assets.xcassets in Resources */,
			);
			runOnlyForDeploymentPostprocessing = 0;
		};
		BD04217D2BFE8D26006FECD1 /* Resources */ = {
			isa = PBXResourcesBuildPhase;
			buildActionMask = 2147483647;
			files = (
			);
			runOnlyForDeploymentPostprocessing = 0;
		};
		BD0421872BFE8D26006FECD1 /* Resources */ = {
			isa = PBXResourcesBuildPhase;
			buildActionMask = 2147483647;
			files = (
			);
			runOnlyForDeploymentPostprocessing = 0;
		};
/* End PBXResourcesBuildPhase section */

/* Begin PBXSourcesBuildPhase section */
		BD04216B2BFE8D22006FECD1 /* Sources */ = {
			isa = PBXSourcesBuildPhase;
			buildActionMask = 2147483647;
			files = (
				BD0421752BFE8D22006FECD1 /* ContentView.swift in Sources */,
				BD0421732BFE8D22006FECD1 /* iterationtodoApp.swift in Sources */,
			);
			runOnlyForDeploymentPostprocessing = 0;
		};
		BD04217B2BFE8D26006FECD1 /* Sources */ = {
			isa = PBXSourcesBuildPhase;
			buildActionMask = 2147483647;
			files = (
				BD0421842BFE8D26006FECD1 /* iterationtodoTests.swift in Sources */,
			);
			runOnlyForDeploymentPostprocessing = 0;
		};
		BD0421852BFE8D26006FECD1 /* Sources */ = {
			isa = PBXSourcesBuildPhase;
			buildActionMask = 2147483647;
			files = (
				BD0421902BFE8D26006FECD1 /* iterationtodoUITestsLaunchTests.swift in Sources */,
				BD04218E2BFE8D26006FECD1 /* iterationtodoUITests.swift in Sources */,
			);
			runOnlyForDeploymentPostprocessing = 0;
		};
/* End PBXSourcesBuildPhase section */

/* Begin PBXTargetDependency section */
		BD0421812BFE8D26006FECD1 /* PBXTargetDependency */ = {
			isa = PBXTargetDependency;
			target = BD04216E2BFE8D22006FECD1 /* iterationtodo */;
			targetProxy = BD0421802BFE8D26006FECD1 /* PBXContainerItemProxy */;
		};
		BD04218B2BFE8D26006FECD1 /* PBXTargetDependency */ = {
			isa = PBXTargetDependency;
			target = BD04216E2BFE8D22006FECD1 /* iterationtodo */;
			targetProxy = BD04218A2BFE8D26006FECD1 /* PBXContainerItemProxy */;
		};
/* End PBXTargetDependency section */

/* Begin XCBuildConfiguration section */
		BD0421912BFE8D26006FECD1 /* Debug */ = {
			isa = XCBuildConfiguration;
			buildSettings = {
				ALWAYS_SEARCH_USER_PATHS = NO;
				ASSETCATALOG_COMPILER_GENERATE_SWIFT_ASSET_SYMBOL_EXTENSIONS = YES;
				CLANG_ANALYZER_NONNULL = YES;
				CLANG_ANALYZER_NUMBER_OBJECT_CONVERSION = YES_AGGRESSIVE;
				CLANG_CXX_LANGUAGE_STANDARD = "gnu++20";
				CLANG_ENABLE_MODULES = YES;
				CLANG_ENABLE_OBJC_ARC = YES;
				CLANG_ENABLE_OBJC_WEAK = YES;
				CLANG_WARN_BLOCK_CAPTURE_AUTORELEASING = YES;
				CLANG_WARN_BOOL_CONVERSION = YES;
				CLANG_WARN_COMMA = YES;
				CLANG_WARN_CONSTANT_CONVERSION = YES;
				CLANG_WARN_DEPRECATED_OBJC_IMPLEMENTATIONS = YES;
				CLANG_WARN_DIRECT_OBJC_ISA_USAGE = YES_ERROR;
				CLANG_WARN_DOCUMENTATION_COMMENTS = YES;
				CLANG_WARN_EMPTY_BODY = YES;
				CLANG_WARN_ENUM_CONVERSION = YES;
				CLANG_WARN_INFINITE_RECURSION = YES;
				CLANG_WARN_INT_CONVERSION = YES;
				CLANG_WARN_NON_LITERAL_NULL_CONVERSION = YES;
				CLANG_WARN_OBJC_IMPLICIT_RETAIN_SELF = YES;
				CLANG_WARN_OBJC_LITERAL_CONVERSION = YES;
				CLANG_WARN_OBJC_ROOT_CLASS = YES_ERROR;
				CLANG_WARN_QUOTED_INCLUDE_IN_FRAMEWORK_HEADER = YES;
				CLANG_WARN_RANGE_LOOP_ANALYSIS = YES;
				CLANG_WARN_STRICT_PROTOTYPES = YES;
				CLANG_WARN_SUSPICIOUS_MOVE = YES;
				CLANG_WARN_UNGUARDED_AVAILABILITY = YES_AGGRESSIVE;
				CLANG_WARN_UNREACHABLE_CODE = YES;
				CLANG_WARN__DUPLICATE_METHOD_MATCH = YES;
				COPY_PHASE_STRIP = NO;
				DEBUG_INFORMATION_FORMAT = dwarf;
				ENABLE_STRICT_OBJC_MSGSEND = YES;
				ENABLE_TESTABILITY = YES;
				ENABLE_USER_SCRIPT_SANDBOXING = YES;
				GCC_C_LANGUAGE_STANDARD = gnu17;
				GCC_DYNAMIC_NO_PIC = NO;
				GCC_NO_COMMON_BLOCKS = YES;
				GCC_OPTIMIZATION_LEVEL = 0;
				GCC_PREPROCESSOR_DEFINITIONS = (
					"DEBUG=1",
					"$(inherited)",
				);
				GCC_WARN_64_TO_32_BIT_CONVERSION = YES;
				GCC_WARN_ABOUT_RETURN_TYPE = YES_ERROR;
				GCC_WARN_UNDECLARED_SELECTOR = YES;
				GCC_WARN_UNINITIALIZED_AUTOS = YES_AGGRESSIVE;
				GCC_WARN_UNUSED_FUNCTION = YES;
				GCC_WARN_UNUSED_VARIABLE = YES;
				IPHONEOS_DEPLOYMENT_TARGET = 17.5;
				LOCALIZATION_PREFERS_STRING_CATALOGS = YES;
				MTL_ENABLE_DEBUG_INFO = INCLUDE_SOURCE;
				MTL_FAST_MATH = YES;
				ONLY_ACTIVE_ARCH = YES;
				SDKROOT = iphoneos;
				SWIFT_ACTIVE_COMPILATION_CONDITIONS = "DEBUG $(inherited)";
				SWIFT_OPTIMIZATION_LEVEL = "-Onone";
			};
			name = Debug;
		};
		BD0421922BFE8D26006FECD1 /* Release */ = {
			isa = XCBuildConfiguration;
			buildSettings = {
				ALWAYS_SEARCH_USER_PATHS = NO;
				ASSETCATALOG_COMPILER_GENERATE_SWIFT_ASSET_SYMBOL_EXTENSIONS = YES;
				CLANG_ANALYZER_NONNULL = YES;
				CLANG_ANALYZER_NUMBER_OBJECT_CONVERSION = YES_AGGRESSIVE;
				CLANG_CXX_LANGUAGE_STANDARD = "gnu++20";
				CLANG_ENABLE_MODULES = YES;
				CLANG_ENABLE_OBJC_ARC = YES;
				CLANG_ENABLE_OBJC_WEAK = YES;
				CLANG_WARN_BLOCK_CAPTURE_AUTORELEASING = YES;
				CLANG_WARN_BOOL_CONVERSION = YES;
				CLANG_WARN_COMMA = YES;
				CLANG_WARN_CONSTANT_CONVERSION = YES;
				CLANG_WARN_DEPRECATED_OBJC_IMPLEMENTATIONS = YES;
				CLANG_WARN_DIRECT_OBJC_ISA_USAGE = YES_ERROR;
				CLANG_WARN_DOCUMENTATION_COMMENTS = YES;
				CLANG_WARN_EMPTY_BODY = YES;
				CLANG_WARN_ENUM_CONVERSION = YES;
				CLANG_WARN_INFINITE_RECURSION = YES;
				CLANG_WARN_INT_CONVERSION = YES;
				CLANG_WARN_NON_LITERAL_NULL_CONVERSION = YES;
				CLANG_WARN_OBJC_IMPLICIT_RETAIN_SELF = YES;
				CLANG_WARN_OBJC_LITERAL_CONVERSION = YES;
				CLANG_WARN_OBJC_ROOT_CLASS = YES_ERROR;
				CLANG_WARN_QUOTED_INCLUDE_IN_FRAMEWORK_HEADER = YES;
				CLANG_WARN_RANGE_LOOP_ANALYSIS = YES;
				CLANG_WARN_STRICT_PROTOTYPES = YES;
				CLANG_WARN_SUSPICIOUS_MOVE = YES;
				CLANG_WARN_UNGUARDED_AVAILABILITY = YES_AGGRESSIVE;
				CLANG_WARN_UNREACHABLE_CODE = YES;
				CLANG_WARN__DUPLICATE_METHOD_MATCH = YES;
				COPY_PHASE_STRIP = NO;
				DEBUG_INFORMATION_FORMAT = "dwarf-with-dsym";
				ENABLE_NS_ASSERTIONS = NO;
				ENABLE_STRICT_OBJC_MSGSEND = YES;
				ENABLE_USER_SCRIPT_SANDBOXING = YES;
				GCC_C_LANGUAGE_STANDARD = gnu17;
				GCC_NO_COMMON_BLOCKS = YES;
				GCC_WARN_64_TO_32_BIT_CONVERSION = YES;
				GCC_WARN_ABOUT_RETURN_TYPE = YES_ERROR;
				GCC_WARN_UNDECLARED_SELECTOR = YES;
				GCC_WARN_UNINITIALIZED_AUTOS = YES_AGGRESSIVE;
				GCC_WARN_UNUSED_FUNCTION = YES;
				GCC_WARN_UNUSED_VARIABLE = YES;
				IPHONEOS_DEPLOYMENT_TARGET = 17.5;
				LOCALIZATION_PREFERS_STRING_CATALOGS = YES;
				MTL_ENABLE_DEBUG_INFO = NO;
				MTL_FAST_MATH = YES;
				SDKROOT = iphoneos;
				SWIFT_COMPILATION_MODE = wholemodule;
				VALIDATE_PRODUCT = YES;
			};
			name = Release;
		};
		BD0421942BFE8D26006FECD1 /* Debug */ = {
			isa = XCBuildConfiguration;
			buildSettings = {
				ASSETCATALOG_COMPILER_APPICON_NAME = AppIcon;
				ASSETCATALOG_COMPILER_GLOBAL_ACCENT_COLOR_NAME = AccentColor;
				CODE_SIGN_STYLE = Automatic;
				CURRENT_PROJECT_VERSION = 1;
				DEVELOPMENT_ASSET_PATHS = "\"iterationtodo/Preview Content\"";
				ENABLE_PREVIEWS = YES;
				GENERATE_INFOPLIST_FILE = YES;
				INFOPLIST_KEY_UIApplicationSceneManifest_Generation = YES;
				INFOPLIST_KEY_UIApplicationSupportsIndirectInputEvents = YES;
				INFOPLIST_KEY_UILaunchScreen_Generation = YES;
				INFOPLIST_KEY_UISupportedInterfaceOrientations_iPad = "UIInterfaceOrientationPortrait UIInterfaceOrientationPortraitUpsideDown UIInterfaceOrientationLandscapeLeft UIInterfaceOrientationLandscapeRight";
				INFOPLIST_KEY_UISupportedInterfaceOrientations_iPhone = "UIInterfaceOrientationPortrait UIInterfaceOrientationLandscapeLeft UIInterfaceOrientationLandscapeRight";
				LD_RUNPATH_SEARCH_PATHS = (
					"$(inherited)",
					"@executable_path/Frameworks",
				);
				MARKETING_VERSION = 1.0;
				PRODUCT_BUNDLE_IDENTIFIER = kwk.iterationtodo;
				PRODUCT_NAME = "$(TARGET_NAME)";
				SWIFT_EMIT_LOC_STRINGS = YES;
				SWIFT_VERSION = 5.0;
				TARGETED_DEVICE_FAMILY = "1,2";
			};
			name = Debug;
		};
		BD0421952BFE8D26006FECD1 /* Release */ = {
			isa = XCBuildConfiguration;
			buildSettings = {
				ASSETCATALOG_COMPILER_APPICON_NAME = AppIcon;
				ASSETCATALOG_COMPILER_GLOBAL_ACCENT_COLOR_NAME = AccentColor;
				CODE_SIGN_STYLE = Automatic;
				CURRENT_PROJECT_VERSION = 1;
				DEVELOPMENT_ASSET_PATHS = "\"iterationtodo/Preview Content\"";
				ENABLE_PREVIEWS = YES;
				GENERATE_INFOPLIST_FILE = YES;
				INFOPLIST_KEY_UIApplicationSceneManifest_Generation = YES;
				INFOPLIST_KEY_UIApplicationSupportsIndirectInputEvents = YES;
				INFOPLIST_KEY_UILaunchScreen_Generation = YES;
				INFOPLIST_KEY_UISupportedInterfaceOrientations_iPad = "UIInterfaceOrientationPortrait UIInterfaceOrientationPortraitUpsideDown UIInterfaceOrientationLandscapeLeft UIInterfaceOrientationLandscapeRight";
				INFOPLIST_KEY_UISupportedInterfaceOrientations_iPhone = "UIInterfaceOrientationPortrait UIInterfaceOrientationLandscapeLeft UIInterfaceOrientationLandscapeRight";
				LD_RUNPATH_SEARCH_PATHS = (
					"$(inherited)",
					"@executable_path/Frameworks",
				);
				MARKETING_VERSION = 1.0;
				PRODUCT_BUNDLE_IDENTIFIER = kwk.iterationtodo;
				PRODUCT_NAME = "$(TARGET_NAME)";
				SWIFT_EMIT_LOC_STRINGS = YES;
				SWIFT_VERSION = 5.0;
				TARGETED_DEVICE_FAMILY = "1,2";
			};
			name = Release;
		};
		BD0421972BFE8D26006FECD1 /* Debug */ = {
			isa = XCBuildConfiguration;
			buildSettings = {
				ALWAYS_EMBED_SWIFT_STANDARD_LIBRARIES = YES;
				BUNDLE_LOADER = "$(TEST_HOST)";
				CODE_SIGN_STYLE = Automatic;
				CURRENT_PROJECT_VERSION = 1;
				GENERATE_INFOPLIST_FILE = YES;
				IPHONEOS_DEPLOYMENT_TARGET = 17.5;
				MARKETING_VERSION = 1.0;
				PRODUCT_BUNDLE_IDENTIFIER = kwk.iterationtodoTests;
				PRODUCT_NAME = "$(TARGET_NAME)";
				SWIFT_EMIT_LOC_STRINGS = NO;
				SWIFT_VERSION = 5.0;
				TARGETED_DEVICE_FAMILY = "1,2";
				TEST_HOST = "$(BUILT_PRODUCTS_DIR)/iterationtodo.app/$(BUNDLE_EXECUTABLE_FOLDER_PATH)/iterationtodo";
			};
			name = Debug;
		};
		BD0421982BFE8D26006FECD1 /* Release */ = {
			isa = XCBuildConfiguration;
			buildSettings = {
				ALWAYS_EMBED_SWIFT_STANDARD_LIBRARIES = YES;
				BUNDLE_LOADER = "$(TEST_HOST)";
				CODE_SIGN_STYLE = Automatic;
				CURRENT_PROJECT_VERSION = 1;
				GENERATE_INFOPLIST_FILE = YES;
				IPHONEOS_DEPLOYMENT_TARGET = 17.5;
				MARKETING_VERSION = 1.0;
				PRODUCT_BUNDLE_IDENTIFIER = kwk.iterationtodoTests;
				PRODUCT_NAME = "$(TARGET_NAME)";
				SWIFT_EMIT_LOC_STRINGS = NO;
				SWIFT_VERSION = 5.0;
				TARGETED_DEVICE_FAMILY = "1,2";
				TEST_HOST = "$(BUILT_PRODUCTS_DIR)/iterationtodo.app/$(BUNDLE_EXECUTABLE_FOLDER_PATH)/iterationtodo";
			};
			name = Release;
		};
		BD04219A2BFE8D26006FECD1 /* Debug */ = {
			isa = XCBuildConfiguration;
			buildSettings = {
				ALWAYS_EMBED_SWIFT_STANDARD_LIBRARIES = YES;
				CODE_SIGN_STYLE = Automatic;
				CURRENT_PROJECT_VERSION = 1;
				GENERATE_INFOPLIST_FILE = YES;
				MARKETING_VERSION = 1.0;
				PRODUCT_BUNDLE_IDENTIFIER = kwk.iterationtodoUITests;
				PRODUCT_NAME = "$(TARGET_NAME)";
				SWIFT_EMIT_LOC_STRINGS = NO;
				SWIFT_VERSION = 5.0;
				TARGETED_DEVICE_FAMILY = "1,2";
				TEST_TARGET_NAME = iterationtodo;
			};
			name = Debug;
		};
		BD04219B2BFE8D26006FECD1 /* Release */ = {
			isa = XCBuildConfiguration;
			buildSettings = {
				ALWAYS_EMBED_SWIFT_STANDARD_LIBRARIES = YES;
				CODE_SIGN_STYLE = Automatic;
				CURRENT_PROJECT_VERSION = 1;
				GENERATE_INFOPLIST_FILE = YES;
				MARKETING_VERSION = 1.0;
				PRODUCT_BUNDLE_IDENTIFIER = kwk.iterationtodoUITests;
				PRODUCT_NAME = "$(TARGET_NAME)";
				SWIFT_EMIT_LOC_STRINGS = NO;
				SWIFT_VERSION = 5.0;
				TARGETED_DEVICE_FAMILY = "1,2";
				TEST_TARGET_NAME = iterationtodo;
			};
			name = Release;
		};
/* End XCBuildConfiguration section */

/* Begin XCConfigurationList section */
		BD04216A2BFE8D22006FECD1 /* Build configuration list for PBXProject "iterationtodo" */ = {
			isa = XCConfigurationList;
			buildConfigurations = (
				BD0421912BFE8D26006FECD1 /* Debug */,
				BD0421922BFE8D26006FECD1 /* Release */,
			);
			defaultConfigurationIsVisible = 0;
			defaultConfigurationName = Release;
		};
		BD0421932BFE8D26006FECD1 /* Build configuration list for PBXNativeTarget "iterationtodo" */ = {
			isa = XCConfigurationList;
			buildConfigurations = (
				BD0421942BFE8D26006FECD1 /* Debug */,
				BD0421952BFE8D26006FECD1 /* Release */,
			);
			defaultConfigurationIsVisible = 0;
			defaultConfigurationName = Release;
		};
		BD0421962BFE8D26006FECD1 /* Build configuration list for PBXNativeTarget "iterationtodoTests" */ = {
			isa = XCConfigurationList;
			buildConfigurations = (
				BD0421972BFE8D26006FECD1 /* Debug */,
				BD0421982BFE8D26006FECD1 /* Release */,
			);
			defaultConfigurationIsVisible = 0;
			defaultConfigurationName = Release;
		};
		BD0421992BFE8D26006FECD1 /* Build configuration list for PBXNativeTarget "iterationtodoUITests" */ = {
			isa = XCConfigurationList;
			buildConfigurations = (
				BD04219A2BFE8D26006FECD1 /* Debug */,
				BD04219B2BFE8D26006FECD1 /* Release */,
			);
			defaultConfigurationIsVisible = 0;
			defaultConfigurationName = Release;
		};
/* End XCConfigurationList section */
	};
	rootObject = BD0421672BFE8D22006FECD1 /* Project object */;
}
